
Microsoft Visual Studio Solution File, Format Version 12.00
# Visual Studio 15
VisualStudioVersion = 15.0.28010.2016
MinimumVisualStudioVersion = 10.0.40219.1
Project("{FAE04EC0-301F-11D3-BF4B-00C04F79EFBC}") = "TipCalculator", "TipCalculator\TipCalculator.csproj", "{54636F8D-C7E6-4905-AD61-9D1FE07C56DC}"
EndProject
Global
	GlobalSection(SolutionConfigurationPlatforms) = preSolution
		Debug|Any CPU = Debug|Any CPU
		Release|Any CPU = Release|Any CPU
	EndGlobalSection
	GlobalSection(ProjectConfigurationPlatforms) = postSolution
		{54636F8D-C7E6-4905-AD61-9D1FE07C56DC}.Debug|Any CPU.ActiveCfg = Debug|Any CPU
		{54636F8D-C7E6-4905-AD61-9D1FE07C56DC}.Debug|Any CPU.Build.0 = Debug|Any CPU
		{54636F8D-C7E6-4905-AD61-9D1FE07C56DC}.Debug|Any CPU.Deploy.0 = Debug|Any CPU
		{54636F8D-C7E6-4905-AD61-9D1FE07C56DC}.Release|Any CPU.ActiveCfg = Release|Any CPU
		{54636F8D-C7E6-4905-AD61-9D1FE07C56DC}.Release|Any CPU.Build.0 = Release|Any CPU
		{54636F8D-C7E6-4905-AD61-9D1FE07C56DC}.Release|Any CPU.Deploy.0 = Release|Any CPU
	EndGlobalSection
	GlobalSection(SolutionProperties) = preSolution
		HideSolutionNode = FALSE
	EndGlobalSection
	GlobalSection(ExtensibilityGlobals) = postSolution
		SolutionGuid = {47CF2DBA-DDAC-4CB5-87B3-99747A974A90}
	EndGlobalSection
EndGlobal
